
Microsoft Visual Studio Solution File, Format Version 12.00
# Visual Studio Version 17
VisualStudioVersion = 17.2.32516.85
MinimumVisualStudioVersion = 10.0.40219.1
Project("{8BC9CEB8-8B4A-11D0-8D11-00A0C91BC942}") = "Function of different datatypes", "Function of different datatypes.vcxproj", "{46F34897-BD0D-4213-BADB-F6E293ED1C5F}"
EndProject
Global
	GlobalSection(SolutionConfigurationPlatforms) = preSolution
		Debug|x64 = Debug|x64
		Debug|x86 = Debug|x86
		Release|x64 = Release|x64
		Release|x86 = Release|x86
	EndGlobalSection
	GlobalSection(ProjectConfigurationPlatforms) = postSolution
		{46F34897-BD0D-4213-BADB-F6E293ED1C5F}.Debug|x64.ActiveCfg = Debug|x64
		{46F34897-BD0D-4213-BADB-F6E293ED1C5F}.Debug|x64.Build.0 = Debug|x64
		{46F34897-BD0D-4213-BADB-F6E293ED1C5F}.Debug|x86.ActiveCfg = Debug|Win32
		{46F34897-BD0D-4213-BADB-F6E293ED1C5F}.Debug|x86.Build.0 = Debug|Win32
		{46F34897-BD0D-4213-BADB-F6E293ED1C5F}.Release|x64.ActiveCfg = Release|x64
		{46F34897-BD0D-4213-BADB-F6E293ED1C5F}.Release|x64.Build.0 = Release|x64
		{46F34897-BD0D-4213-BADB-F6E293ED1C5F}.Release|x86.ActiveCfg = Release|Win32
		{46F34897-BD0D-4213-BADB-F6E293ED1C5F}.Release|x86.Build.0 = Release|Win32
	EndGlobalSection
	GlobalSection(SolutionProperties) = preSolution
		HideSolutionNode = FALSE
	EndGlobalSection
	GlobalSection(ExtensibilityGlobals) = postSolution
		SolutionGuid = {19BC9FE1-92DE-482D-A408-D0FA34D71DA6}
	EndGlobalSection
EndGlobal
